
Microsoft Visual Studio Solution File, Format Version 12.00
# Visual Studio 15
VisualStudioVersion = 15.0.27703.2035
MinimumVisualStudioVersion = 10.0.40219.1
Project("{FAE04EC0-301F-11D3-BF4B-00C04F79EFBC}") = "LegacyApp", "LegacyApp\LegacyApp.csproj", "{08131EFD-5B9D-46CB-AA09-922E8C1026F1}"
EndProject
Project("{FAE04EC0-301F-11D3-BF4B-00C04F79EFBC}") = "LegacyAppTest", "LegacyAppTest\LegacyAppTest.csproj", "{D1376431-6852-43CD-A76F-6C21D1210A22}"
EndProject
Project("{FAE04EC0-301F-11D3-BF4B-00C04F79EFBC}") = "SEOPreparerShould", "SEOPreparerShould\SEOPreparerShould.csproj", "{1F86258D-FAC9-454E-94E7-81E934072FAE}"
EndProject
Project("{FAE04EC0-301F-11D3-BF4B-00C04F79EFBC}") = "SEOPreparer", "SEOPreparer\SEOPreparer.csproj", "{C8644442-1374-4F00-A760-37EBA164EFFD}"
EndProject
Global
	GlobalSection(SolutionConfigurationPlatforms) = preSolution
		Debug|Any CPU = Debug|Any CPU
		Release|Any CPU = Release|Any CPU
	EndGlobalSection
	GlobalSection(ProjectConfigurationPlatforms) = postSolution
		{08131EFD-5B9D-46CB-AA09-922E8C1026F1}.Debug|Any CPU.ActiveCfg = Debug|Any CPU
		{08131EFD-5B9D-46CB-AA09-922E8C1026F1}.Debug|Any CPU.Build.0 = Debug|Any CPU
		{08131EFD-5B9D-46CB-AA09-922E8C1026F1}.Release|Any CPU.ActiveCfg = Release|Any CPU
		{08131EFD-5B9D-46CB-AA09-922E8C1026F1}.Release|Any CPU.Build.0 = Release|Any CPU
		{D1376431-6852-43CD-A76F-6C21D1210A22}.Debug|Any CPU.ActiveCfg = Debug|Any CPU
		{D1376431-6852-43CD-A76F-6C21D1210A22}.Debug|Any CPU.Build.0 = Debug|Any CPU
		{D1376431-6852-43CD-A76F-6C21D1210A22}.Release|Any CPU.ActiveCfg = Release|Any CPU
		{D1376431-6852-43CD-A76F-6C21D1210A22}.Release|Any CPU.Build.0 = Release|Any CPU
		{1F86258D-FAC9-454E-94E7-81E934072FAE}.Debug|Any CPU.ActiveCfg = Debug|Any CPU
		{1F86258D-FAC9-454E-94E7-81E934072FAE}.Debug|Any CPU.Build.0 = Debug|Any CPU
		{1F86258D-FAC9-454E-94E7-81E934072FAE}.Release|Any CPU.ActiveCfg = Release|Any CPU
		{1F86258D-FAC9-454E-94E7-81E934072FAE}.Release|Any CPU.Build.0 = Release|Any CPU
		{C8644442-1374-4F00-A760-37EBA164EFFD}.Debug|Any CPU.ActiveCfg = Debug|Any CPU
		{C8644442-1374-4F00-A760-37EBA164EFFD}.Debug|Any CPU.Build.0 = Debug|Any CPU
		{C8644442-1374-4F00-A760-37EBA164EFFD}.Release|Any CPU.ActiveCfg = Release|Any CPU
		{C8644442-1374-4F00-A760-37EBA164EFFD}.Release|Any CPU.Build.0 = Release|Any CPU
	EndGlobalSection
	GlobalSection(SolutionProperties) = preSolution
		HideSolutionNode = FALSE
	EndGlobalSection
	GlobalSection(ExtensibilityGlobals) = postSolution
		SolutionGuid = {77310A3C-0EB5-486F-AA25-2976BC565EDC}
	EndGlobalSection
EndGlobal
